
Microsoft Visual Studio Solution File, Format Version 12.00
# Visual Studio Version 17
VisualStudioVersion = 17.13.35806.99
MinimumVisualStudioVersion = 10.0.40219.1
Project("{2150E333-8FDC-42A3-9474-1A3956D46DE8}") = "01", "01", "{02EA681E-C7D8-13C7-8484-4AC65E1B71E8}"
EndProject
Project("{FAE04EC0-301F-11D3-BF4B-00C04F79EFBC}") = "POOConcepts", "POOConcepts\POOConcepts.csproj", "{2462486E-668B-4FC0-94DC-D7EEB527EFFA}"
EndProject
Project("{2150E333-8FDC-42A3-9474-1A3956D46DE8}") = "Taller 1 POO", "Taller 1 POO", "{45ACDDDB-5298-4F62-A0AD-8A1560C96BA6}"
EndProject
Project("{FAE04EC0-301F-11D3-BF4B-00C04F79EFBC}") = "Taller 1 POO", "Taller 1 POO\Taller 1 POO.csproj", "{31430744-E40B-48AE-8E20-69B1D29CB8E5}"
EndProject
Project("{2150E333-8FDC-42A3-9474-1A3956D46DE8}") = "Taller 2 Herencia", "Taller 2 Herencia", "{38B9E3AF-7964-4861-8A36-CF634D6319FA}"
EndProject
Project("{FAE04EC0-301F-11D3-BF4B-00C04F79EFBC}") = "Taller 2 Concepts", "Taller 2 Herencia\Taller 2 Concepts\Taller 2 Concepts.csproj", "{811A8F31-F023-40D3-84E5-8F51BD6FD337}"
EndProject
Project("{2150E333-8FDC-42A3-9474-1A3956D46DE8}") = "Taller 3 POO Lógica aplicada", "Taller 3 POO Lógica aplicada", "{5BE4EEAA-A465-4148-BEDF-153EDDF8B97D}"
EndProject
Project("{2150E333-8FDC-42A3-9474-1A3956D46DE8}") = "Punto31", "Punto31", "{F39B7902-A570-4781-869B-7F5BD3BAADB2}"
EndProject
Project("{2150E333-8FDC-42A3-9474-1A3956D46DE8}") = "Punto 34", "Punto 34", "{4F7BA4F2-F126-494B-BE11-0DB35DCCF96E}"
EndProject
Project("{FAE04EC0-301F-11D3-BF4B-00C04F79EFBC}") = "TriangularInferiorMatriz", "Taler 3 POO LogicaAplicada\Punto31\TriangularInferiorMatriz.csproj", "{B2F919A5-DFE7-4AFD-9EC0-AF8534EDA79D}"
EndProject
Project("{FAE04EC0-301F-11D3-BF4B-00C04F79EFBC}") = "RelojdeArena", "Taler 3 POO LogicaAplicada\Punto 34\RelojdeArena.csproj", "{D996FC87-1281-4AAF-836B-E4A38A0FAE86}"
EndProject
Project("{2150E333-8FDC-42A3-9474-1A3956D46DE8}") = "DoubleListLinked", "DoubleListLinked", "{0EA0E556-A50B-4A15-942C-2E9A9F14AF3B}"
EndProject
Project("{FAE04EC0-301F-11D3-BF4B-00C04F79EFBC}") = "DoubleListLinked.Logic", "DoubleListLinked.Logic\DoubleListLinked.Logic.csproj", "{259A28C9-8B60-4CEC-8D76-FFF3FB905844}"
EndProject
Project("{FAE04EC0-301F-11D3-BF4B-00C04F79EFBC}") = "DoubleListLinked.Console", "DoubleListLinked.Console\DoubleListLinked.Console.csproj", "{8A906B57-6EDD-41C8-BE8E-B8A6CE10CBD4}"
EndProject
Global
	GlobalSection(SolutionConfigurationPlatforms) = preSolution
		Debug|Any CPU = Debug|Any CPU
		Release|Any CPU = Release|Any CPU
	EndGlobalSection
	GlobalSection(ProjectConfigurationPlatforms) = postSolution
		{2462486E-668B-4FC0-94DC-D7EEB527EFFA}.Debug|Any CPU.ActiveCfg = Debug|Any CPU
		{2462486E-668B-4FC0-94DC-D7EEB527EFFA}.Debug|Any CPU.Build.0 = Debug|Any CPU
		{2462486E-668B-4FC0-94DC-D7EEB527EFFA}.Release|Any CPU.ActiveCfg = Release|Any CPU
		{2462486E-668B-4FC0-94DC-D7EEB527EFFA}.Release|Any CPU.Build.0 = Release|Any CPU
		{31430744-E40B-48AE-8E20-69B1D29CB8E5}.Debug|Any CPU.ActiveCfg = Debug|Any CPU
		{31430744-E40B-48AE-8E20-69B1D29CB8E5}.Debug|Any CPU.Build.0 = Debug|Any CPU
		{31430744-E40B-48AE-8E20-69B1D29CB8E5}.Release|Any CPU.ActiveCfg = Release|Any CPU
		{31430744-E40B-48AE-8E20-69B1D29CB8E5}.Release|Any CPU.Build.0 = Release|Any CPU
		{811A8F31-F023-40D3-84E5-8F51BD6FD337}.Debug|Any CPU.ActiveCfg = Debug|Any CPU
		{811A8F31-F023-40D3-84E5-8F51BD6FD337}.Debug|Any CPU.Build.0 = Debug|Any CPU
		{811A8F31-F023-40D3-84E5-8F51BD6FD337}.Release|Any CPU.ActiveCfg = Release|Any CPU
		{811A8F31-F023-40D3-84E5-8F51BD6FD337}.Release|Any CPU.Build.0 = Release|Any CPU
		{B2F919A5-DFE7-4AFD-9EC0-AF8534EDA79D}.Debug|Any CPU.ActiveCfg = Debug|Any CPU
		{B2F919A5-DFE7-4AFD-9EC0-AF8534EDA79D}.Debug|Any CPU.Build.0 = Debug|Any CPU
		{B2F919A5-DFE7-4AFD-9EC0-AF8534EDA79D}.Release|Any CPU.ActiveCfg = Release|Any CPU
		{B2F919A5-DFE7-4AFD-9EC0-AF8534EDA79D}.Release|Any CPU.Build.0 = Release|Any CPU
		{D996FC87-1281-4AAF-836B-E4A38A0FAE86}.Debug|Any CPU.ActiveCfg = Debug|Any CPU
		{D996FC87-1281-4AAF-836B-E4A38A0FAE86}.Debug|Any CPU.Build.0 = Debug|Any CPU
		{D996FC87-1281-4AAF-836B-E4A38A0FAE86}.Release|Any CPU.ActiveCfg = Release|Any CPU
		{D996FC87-1281-4AAF-836B-E4A38A0FAE86}.Release|Any CPU.Build.0 = Release|Any CPU
		{259A28C9-8B60-4CEC-8D76-FFF3FB905844}.Debug|Any CPU.ActiveCfg = Debug|Any CPU
		{259A28C9-8B60-4CEC-8D76-FFF3FB905844}.Debug|Any CPU.Build.0 = Debug|Any CPU
		{259A28C9-8B60-4CEC-8D76-FFF3FB905844}.Release|Any CPU.ActiveCfg = Release|Any CPU
		{259A28C9-8B60-4CEC-8D76-FFF3FB905844}.Release|Any CPU.Build.0 = Release|Any CPU
		{8A906B57-6EDD-41C8-BE8E-B8A6CE10CBD4}.Debug|Any CPU.ActiveCfg = Debug|Any CPU
		{8A906B57-6EDD-41C8-BE8E-B8A6CE10CBD4}.Debug|Any CPU.Build.0 = Debug|Any CPU
		{8A906B57-6EDD-41C8-BE8E-B8A6CE10CBD4}.Release|Any CPU.ActiveCfg = Release|Any CPU
		{8A906B57-6EDD-41C8-BE8E-B8A6CE10CBD4}.Release|Any CPU.Build.0 = Release|Any CPU
	EndGlobalSection
	GlobalSection(SolutionProperties) = preSolution
		HideSolutionNode = FALSE
	EndGlobalSection
	GlobalSection(NestedProjects) = preSolution
		{2462486E-668B-4FC0-94DC-D7EEB527EFFA} = {02EA681E-C7D8-13C7-8484-4AC65E1B71E8}
		{31430744-E40B-48AE-8E20-69B1D29CB8E5} = {45ACDDDB-5298-4F62-A0AD-8A1560C96BA6}
		{811A8F31-F023-40D3-84E5-8F51BD6FD337} = {38B9E3AF-7964-4861-8A36-CF634D6319FA}
		{F39B7902-A570-4781-869B-7F5BD3BAADB2} = {5BE4EEAA-A465-4148-BEDF-153EDDF8B97D}
		{4F7BA4F2-F126-494B-BE11-0DB35DCCF96E} = {5BE4EEAA-A465-4148-BEDF-153EDDF8B97D}
		{B2F919A5-DFE7-4AFD-9EC0-AF8534EDA79D} = {F39B7902-A570-4781-869B-7F5BD3BAADB2}
		{D996FC87-1281-4AAF-836B-E4A38A0FAE86} = {4F7BA4F2-F126-494B-BE11-0DB35DCCF96E}
		{259A28C9-8B60-4CEC-8D76-FFF3FB905844} = {0EA0E556-A50B-4A15-942C-2E9A9F14AF3B}
		{8A906B57-6EDD-41C8-BE8E-B8A6CE10CBD4} = {0EA0E556-A50B-4A15-942C-2E9A9F14AF3B}
	EndGlobalSection
	GlobalSection(ExtensibilityGlobals) = postSolution
		SolutionGuid = {8344CDC6-7745-4F86-BDFA-94B2E29DD9E7}
	EndGlobalSection
EndGlobal
